// !$*UTF8*$!
{
	archiveVersion = 1;
	classes = {
	};
	objectVersion = 48;
	objects = {

/* Begin PBXBuildFile section */
		185A58EEF6C070C2239A9595 /* Pods_gIFT.framework in Frameworks */ = {isa = PBXBuildFile; fileRef = 6B55E6D7FF97D7889385E918 /* Pods_gIFT.framework */; };
		1919D36E3726C7B9EE71BB74 /* Pods_gIFTUITests.framework in Frameworks */ = {isa = PBXBuildFile; fileRef = D73052BEADDE934A915BBD38 /* Pods_gIFTUITests.framework */; };
		C7C7E9DE1FB7DB2200EFDAF8 /* FeedViewController.swift in Sources */ = {isa = PBXBuildFile; fileRef = C7C7E9DD1FB7DB2200EFDAF8 /* FeedViewController.swift */; };
		C7CC822C1FB6EEBC003D70EA /* AppDelegate.swift in Sources */ = {isa = PBXBuildFile; fileRef = C7CC822B1FB6EEBC003D70EA /* AppDelegate.swift */; };
		C7CC822E1FB6EEBC003D70EA /* FBLoginViewController.swift in Sources */ = {isa = PBXBuildFile; fileRef = C7CC822D1FB6EEBC003D70EA /* FBLoginViewController.swift */; };
		C7CC82311FB6EEBC003D70EA /* Main.storyboard in Resources */ = {isa = PBXBuildFile; fileRef = C7CC822F1FB6EEBC003D70EA /* Main.storyboard */; };
		C7CC82341FB6EEBC003D70EA /* gIFT.xcdatamodeld in Sources */ = {isa = PBXBuildFile; fileRef = C7CC82321FB6EEBC003D70EA /* gIFT.xcdatamodeld */; };
		C7CC82361FB6EEBC003D70EA /* Assets.xcassets in Resources */ = {isa = PBXBuildFile; fileRef = C7CC82351FB6EEBC003D70EA /* Assets.xcassets */; };
		C7CC82391FB6EEBC003D70EA /* LaunchScreen.storyboard in Resources */ = {isa = PBXBuildFile; fileRef = C7CC82371FB6EEBC003D70EA /* LaunchScreen.storyboard */; };
		C7CC82441FB6EEBC003D70EA /* gIFTTests.swift in Sources */ = {isa = PBXBuildFile; fileRef = C7CC82431FB6EEBC003D70EA /* gIFTTests.swift */; };
		C7CC824F1FB6EEBC003D70EA /* gIFTUITests.swift in Sources */ = {isa = PBXBuildFile; fileRef = C7CC824E1FB6EEBC003D70EA /* gIFTUITests.swift */; };
		DB957CB1F9207191B7DA92B9 /* Pods_gIFTTests.framework in Frameworks */ = {isa = PBXBuildFile; fileRef = 8D79327DDD459A6AF60019FD /* Pods_gIFTTests.framework */; };
		E46808191FB7E6FD00CE751A /* SystemConfiguration.framework in Frameworks */ = {isa = PBXBuildFile; fileRef = E46808181FB7E6FD00CE751A /* SystemConfiguration.framework */; };
		E468081B1FB7E70900CE751A /* AudioToolbox.framework in Frameworks */ = {isa = PBXBuildFile; fileRef = E468081A1FB7E70900CE751A /* AudioToolbox.framework */; };
		E468081D1FB7E71800CE751A /* Security.framework in Frameworks */ = {isa = PBXBuildFile; fileRef = E468081C1FB7E71800CE751A /* Security.framework */; };
		E468081F1FB7E72A00CE751A /* CFNetwork.framework in Frameworks */ = {isa = PBXBuildFile; fileRef = E468081E1FB7E72A00CE751A /* CFNetwork.framework */; };
		E46808211FB7E73000CE751A /* StoreKit.framework in Frameworks */ = {isa = PBXBuildFile; fileRef = E46808201FB7E73000CE751A /* StoreKit.framework */; };
		E46808231FB7E73400CE751A /* CoreLocation.framework in Frameworks */ = {isa = PBXBuildFile; fileRef = E46808221FB7E73400CE751A /* CoreLocation.framework */; };
		E46808251FB7E73900CE751A /* CoreGraphics.framework in Frameworks */ = {isa = PBXBuildFile; fileRef = E46808241FB7E73900CE751A /* CoreGraphics.framework */; };
		E46808271FB7E73E00CE751A /* QuartzCore.framework in Frameworks */ = {isa = PBXBuildFile; fileRef = E46808261FB7E73E00CE751A /* QuartzCore.framework */; };
		E468082A1FB7E78700CE751A /* Bolts.framework in Frameworks */ = {isa = PBXBuildFile; fileRef = E46808281FB7E78600CE751A /* Bolts.framework */; };
		E468082B1FB7E78700CE751A /* Parse.framework in Frameworks */ = {isa = PBXBuildFile; fileRef = E46808291FB7E78700CE751A /* Parse.framework */; };
		E48494101FB81D1D008E6E11 /* libsqlite3.tbd in Frameworks */ = {isa = PBXBuildFile; fileRef = E484940F1FB81D1D008E6E11 /* libsqlite3.tbd */; };
		E48494121FB81D2A008E6E11 /* libz.tbd in Frameworks */ = {isa = PBXBuildFile; fileRef = E48494111FB81D2A008E6E11 /* libz.tbd */; };
/* End PBXBuildFile section */

/* Begin PBXContainerItemProxy section */
		C7CC82401FB6EEBC003D70EA /* PBXContainerItemProxy */ = {
			isa = PBXContainerItemProxy;
			containerPortal = C7CC82201FB6EEBC003D70EA /* Project object */;
			proxyType = 1;
			remoteGlobalIDString = C7CC82271FB6EEBC003D70EA;
			remoteInfo = gIFT;
		};
		C7CC824B1FB6EEBC003D70EA /* PBXContainerItemProxy */ = {
			isa = PBXContainerItemProxy;
			containerPortal = C7CC82201FB6EEBC003D70EA /* Project object */;
			proxyType = 1;
			remoteGlobalIDString = C7CC82271FB6EEBC003D70EA;
			remoteInfo = gIFT;
		};
/* End PBXContainerItemProxy section */

/* Begin PBXFileReference section */
		0B28108EC65E722A25975523 /* Pods-gIFTTests.release.xcconfig */ = {isa = PBXFileReference; includeInIndex = 1; lastKnownFileType = text.xcconfig; name = "Pods-gIFTTests.release.xcconfig"; path = "Pods/Target Support Files/Pods-gIFTTests/Pods-gIFTTests.release.xcconfig"; sourceTree = "<group>"; };
		30349B53851C3622D3A1B27F /* Pods-gIFTUITests.debug.xcconfig */ = {isa = PBXFileReference; includeInIndex = 1; lastKnownFileType = text.xcconfig; name = "Pods-gIFTUITests.debug.xcconfig"; path = "Pods/Target Support Files/Pods-gIFTUITests/Pods-gIFTUITests.debug.xcconfig"; sourceTree = "<group>"; };
		6B55E6D7FF97D7889385E918 /* Pods_gIFT.framework */ = {isa = PBXFileReference; explicitFileType = wrapper.framework; includeInIndex = 0; path = Pods_gIFT.framework; sourceTree = BUILT_PRODUCTS_DIR; };
		73B7CDB2CF948D1EFB75CE38 /* Pods-gIFT.debug.xcconfig */ = {isa = PBXFileReference; includeInIndex = 1; lastKnownFileType = text.xcconfig; name = "Pods-gIFT.debug.xcconfig"; path = "Pods/Target Support Files/Pods-gIFT/Pods-gIFT.debug.xcconfig"; sourceTree = "<group>"; };
		8D79327DDD459A6AF60019FD /* Pods_gIFTTests.framework */ = {isa = PBXFileReference; explicitFileType = wrapper.framework; includeInIndex = 0; path = Pods_gIFTTests.framework; sourceTree = BUILT_PRODUCTS_DIR; };
		C72999D51FB7CD1D007D78CD /* gIFT-Bridging-Header.h */ = {isa = PBXFileReference; lastKnownFileType = sourcecode.c.h; path = "gIFT-Bridging-Header.h"; sourceTree = "<group>"; };
		C7C7E9DD1FB7DB2200EFDAF8 /* FeedViewController.swift */ = {isa = PBXFileReference; lastKnownFileType = sourcecode.swift; path = FeedViewController.swift; sourceTree = "<group>"; };
		C7CC82281FB6EEBC003D70EA /* gIFT.app */ = {isa = PBXFileReference; explicitFileType = wrapper.application; includeInIndex = 0; path = gIFT.app; sourceTree = BUILT_PRODUCTS_DIR; };
		C7CC822B1FB6EEBC003D70EA /* AppDelegate.swift */ = {isa = PBXFileReference; lastKnownFileType = sourcecode.swift; path = AppDelegate.swift; sourceTree = "<group>"; };
		C7CC822D1FB6EEBC003D70EA /* FBLoginViewController.swift */ = {isa = PBXFileReference; lastKnownFileType = sourcecode.swift; path = FBLoginViewController.swift; sourceTree = "<group>"; };
		C7CC82301FB6EEBC003D70EA /* Base */ = {isa = PBXFileReference; lastKnownFileType = file.storyboard; name = Base; path = Base.lproj/Main.storyboard; sourceTree = "<group>"; };
		C7CC82331FB6EEBC003D70EA /* gIFT.xcdatamodel */ = {isa = PBXFileReference; lastKnownFileType = wrapper.xcdatamodel; path = gIFT.xcdatamodel; sourceTree = "<group>"; };
		C7CC82351FB6EEBC003D70EA /* Assets.xcassets */ = {isa = PBXFileReference; lastKnownFileType = folder.assetcatalog; path = Assets.xcassets; sourceTree = "<group>"; };
		C7CC82381FB6EEBC003D70EA /* Base */ = {isa = PBXFileReference; lastKnownFileType = file.storyboard; name = Base; path = Base.lproj/LaunchScreen.storyboard; sourceTree = "<group>"; };
		C7CC823A1FB6EEBC003D70EA /* Info.plist */ = {isa = PBXFileReference; lastKnownFileType = text.plist.xml; path = Info.plist; sourceTree = "<group>"; };
		C7CC823F1FB6EEBC003D70EA /* gIFTTests.xctest */ = {isa = PBXFileReference; explicitFileType = wrapper.cfbundle; includeInIndex = 0; path = gIFTTests.xctest; sourceTree = BUILT_PRODUCTS_DIR; };
		C7CC82431FB6EEBC003D70EA /* gIFTTests.swift */ = {isa = PBXFileReference; lastKnownFileType = sourcecode.swift; path = gIFTTests.swift; sourceTree = "<group>"; };
		C7CC82451FB6EEBC003D70EA /* Info.plist */ = {isa = PBXFileReference; lastKnownFileType = text.plist.xml; path = Info.plist; sourceTree = "<group>"; };
		C7CC824A1FB6EEBC003D70EA /* gIFTUITests.xctest */ = {isa = PBXFileReference; explicitFileType = wrapper.cfbundle; includeInIndex = 0; path = gIFTUITests.xctest; sourceTree = BUILT_PRODUCTS_DIR; };
		C7CC824E1FB6EEBC003D70EA /* gIFTUITests.swift */ = {isa = PBXFileReference; lastKnownFileType = sourcecode.swift; path = gIFTUITests.swift; sourceTree = "<group>"; };
		C7CC82501FB6EEBC003D70EA /* Info.plist */ = {isa = PBXFileReference; lastKnownFileType = text.plist.xml; path = Info.plist; sourceTree = "<group>"; };
		C840EDFEC5041363BF038B43 /* Pods-gIFTUITests.release.xcconfig */ = {isa = PBXFileReference; includeInIndex = 1; lastKnownFileType = text.xcconfig; name = "Pods-gIFTUITests.release.xcconfig"; path = "Pods/Target Support Files/Pods-gIFTUITests/Pods-gIFTUITests.release.xcconfig"; sourceTree = "<group>"; };
		D73052BEADDE934A915BBD38 /* Pods_gIFTUITests.framework */ = {isa = PBXFileReference; explicitFileType = wrapper.framework; includeInIndex = 0; path = Pods_gIFTUITests.framework; sourceTree = BUILT_PRODUCTS_DIR; };
		DFEF60D5B66B8B6D2369D4D9 /* Pods-gIFTTests.debug.xcconfig */ = {isa = PBXFileReference; includeInIndex = 1; lastKnownFileType = text.xcconfig; name = "Pods-gIFTTests.debug.xcconfig"; path = "Pods/Target Support Files/Pods-gIFTTests/Pods-gIFTTests.debug.xcconfig"; sourceTree = "<group>"; };
		E46808181FB7E6FD00CE751A /* SystemConfiguration.framework */ = {isa = PBXFileReference; lastKnownFileType = wrapper.framework; name = SystemConfiguration.framework; path = System/Library/Frameworks/SystemConfiguration.framework; sourceTree = SDKROOT; };
		E468081A1FB7E70900CE751A /* AudioToolbox.framework */ = {isa = PBXFileReference; lastKnownFileType = wrapper.framework; name = AudioToolbox.framework; path = System/Library/Frameworks/AudioToolbox.framework; sourceTree = SDKROOT; };
		E468081C1FB7E71800CE751A /* Security.framework */ = {isa = PBXFileReference; lastKnownFileType = wrapper.framework; name = Security.framework; path = System/Library/Frameworks/Security.framework; sourceTree = SDKROOT; };
		E468081E1FB7E72A00CE751A /* CFNetwork.framework */ = {isa = PBXFileReference; lastKnownFileType = wrapper.framework; name = CFNetwork.framework; path = System/Library/Frameworks/CFNetwork.framework; sourceTree = SDKROOT; };
		E46808201FB7E73000CE751A /* StoreKit.framework */ = {isa = PBXFileReference; lastKnownFileType = wrapper.framework; name = StoreKit.framework; path = System/Library/Frameworks/StoreKit.framework; sourceTree = SDKROOT; };
		E46808221FB7E73400CE751A /* CoreLocation.framework */ = {isa = PBXFileReference; lastKnownFileType = wrapper.framework; name = CoreLocation.framework; path = System/Library/Frameworks/CoreLocation.framework; sourceTree = SDKROOT; };
		E46808241FB7E73900CE751A /* CoreGraphics.framework */ = {isa = PBXFileReference; lastKnownFileType = wrapper.framework; name = CoreGraphics.framework; path = System/Library/Frameworks/CoreGraphics.framework; sourceTree = SDKROOT; };
		E46808261FB7E73E00CE751A /* QuartzCore.framework */ = {isa = PBXFileReference; lastKnownFileType = wrapper.framework; name = QuartzCore.framework; path = System/Library/Frameworks/QuartzCore.framework; sourceTree = SDKROOT; };
		E46808281FB7E78600CE751A /* Bolts.framework */ = {isa = PBXFileReference; lastKnownFileType = wrapper.framework; path = Bolts.framework; sourceTree = "<group>"; };
		E46808291FB7E78700CE751A /* Parse.framework */ = {isa = PBXFileReference; lastKnownFileType = wrapper.framework; path = Parse.framework; sourceTree = "<group>"; };
		E484940F1FB81D1D008E6E11 /* libsqlite3.tbd */ = {isa = PBXFileReference; lastKnownFileType = "sourcecode.text-based-dylib-definition"; name = libsqlite3.tbd; path = usr/lib/libsqlite3.tbd; sourceTree = SDKROOT; };
		E48494111FB81D2A008E6E11 /* libz.tbd */ = {isa = PBXFileReference; lastKnownFileType = "sourcecode.text-based-dylib-definition"; name = libz.tbd; path = usr/lib/libz.tbd; sourceTree = SDKROOT; };
		E7C7FEB199D1B015441BE871 /* Pods-gIFT.release.xcconfig */ = {isa = PBXFileReference; includeInIndex = 1; lastKnownFileType = text.xcconfig; name = "Pods-gIFT.release.xcconfig"; path = "Pods/Target Support Files/Pods-gIFT/Pods-gIFT.release.xcconfig"; sourceTree = "<group>"; };
/* End PBXFileReference section */

/* Begin PBXFrameworksBuildPhase section */
		C7CC82251FB6EEBC003D70EA /* Frameworks */ = {
			isa = PBXFrameworksBuildPhase;
			buildActionMask = 2147483647;
			files = (
				E48494121FB81D2A008E6E11 /* libz.tbd in Frameworks */,
				E48494101FB81D1D008E6E11 /* libsqlite3.tbd in Frameworks */,
				E46808271FB7E73E00CE751A /* QuartzCore.framework in Frameworks */,
				E46808251FB7E73900CE751A /* CoreGraphics.framework in Frameworks */,
				E46808231FB7E73400CE751A /* CoreLocation.framework in Frameworks */,
				E46808211FB7E73000CE751A /* StoreKit.framework in Frameworks */,
				E468081F1FB7E72A00CE751A /* CFNetwork.framework in Frameworks */,
				E468082A1FB7E78700CE751A /* Bolts.framework in Frameworks */,
				E468082B1FB7E78700CE751A /* Parse.framework in Frameworks */,
				E468081D1FB7E71800CE751A /* Security.framework in Frameworks */,
				E468081B1FB7E70900CE751A /* AudioToolbox.framework in Frameworks */,
				E46808191FB7E6FD00CE751A /* SystemConfiguration.framework in Frameworks */,
				185A58EEF6C070C2239A9595 /* Pods_gIFT.framework in Frameworks */,
			);
			runOnlyForDeploymentPostprocessing = 0;
		};
		C7CC823C1FB6EEBC003D70EA /* Frameworks */ = {
			isa = PBXFrameworksBuildPhase;
			buildActionMask = 2147483647;
			files = (
				DB957CB1F9207191B7DA92B9 /* Pods_gIFTTests.framework in Frameworks */,
			);
			runOnlyForDeploymentPostprocessing = 0;
		};
		C7CC82471FB6EEBC003D70EA /* Frameworks */ = {
			isa = PBXFrameworksBuildPhase;
			buildActionMask = 2147483647;
			files = (
				1919D36E3726C7B9EE71BB74 /* Pods_gIFTUITests.framework in Frameworks */,
			);
			runOnlyForDeploymentPostprocessing = 0;
		};
/* End PBXFrameworksBuildPhase section */

/* Begin PBXGroup section */
		40A06E5931C99E8A780FCF39 /* Pods */ = {
			isa = PBXGroup;
			children = (
				73B7CDB2CF948D1EFB75CE38 /* Pods-gIFT.debug.xcconfig */,
				E7C7FEB199D1B015441BE871 /* Pods-gIFT.release.xcconfig */,
				DFEF60D5B66B8B6D2369D4D9 /* Pods-gIFTTests.debug.xcconfig */,
				0B28108EC65E722A25975523 /* Pods-gIFTTests.release.xcconfig */,
				30349B53851C3622D3A1B27F /* Pods-gIFTUITests.debug.xcconfig */,
				C840EDFEC5041363BF038B43 /* Pods-gIFTUITests.release.xcconfig */,
			);
			name = Pods;
			sourceTree = "<group>";
		};
		90215AC327B49AEA89333C4C /* Frameworks */ = {
			isa = PBXGroup;
			children = (
				E48494111FB81D2A008E6E11 /* libz.tbd */,
				E484940F1FB81D1D008E6E11 /* libsqlite3.tbd */,
				E46808281FB7E78600CE751A /* Bolts.framework */,
				E46808291FB7E78700CE751A /* Parse.framework */,
				E46808261FB7E73E00CE751A /* QuartzCore.framework */,
				E46808241FB7E73900CE751A /* CoreGraphics.framework */,
				E46808221FB7E73400CE751A /* CoreLocation.framework */,
				E46808201FB7E73000CE751A /* StoreKit.framework */,
				E468081E1FB7E72A00CE751A /* CFNetwork.framework */,
				E468081C1FB7E71800CE751A /* Security.framework */,
				E468081A1FB7E70900CE751A /* AudioToolbox.framework */,
				E46808181FB7E6FD00CE751A /* SystemConfiguration.framework */,
				6B55E6D7FF97D7889385E918 /* Pods_gIFT.framework */,
				8D79327DDD459A6AF60019FD /* Pods_gIFTTests.framework */,
				D73052BEADDE934A915BBD38 /* Pods_gIFTUITests.framework */,
			);
			name = Frameworks;
			sourceTree = "<group>";
		};
		C7CC821F1FB6EEBC003D70EA = {
			isa = PBXGroup;
			children = (
				C7CC822A1FB6EEBC003D70EA /* gIFT */,
				C7CC82421FB6EEBC003D70EA /* gIFTTests */,
				C7CC824D1FB6EEBC003D70EA /* gIFTUITests */,
				C7CC82291FB6EEBC003D70EA /* Products */,
				40A06E5931C99E8A780FCF39 /* Pods */,
				90215AC327B49AEA89333C4C /* Frameworks */,
			);
			sourceTree = "<group>";
		};
		C7CC82291FB6EEBC003D70EA /* Products */ = {
			isa = PBXGroup;
			children = (
				C7CC82281FB6EEBC003D70EA /* gIFT.app */,
				C7CC823F1FB6EEBC003D70EA /* gIFTTests.xctest */,
				C7CC824A1FB6EEBC003D70EA /* gIFTUITests.xctest */,
			);
			name = Products;
			sourceTree = "<group>";
		};
		C7CC822A1FB6EEBC003D70EA /* gIFT */ = {
			isa = PBXGroup;
			children = (
				C7CC822B1FB6EEBC003D70EA /* AppDelegate.swift */,
				C7CC822D1FB6EEBC003D70EA /* FBLoginViewController.swift */,
				C72999D51FB7CD1D007D78CD /* gIFT-Bridging-Header.h */,
				C7CC822F1FB6EEBC003D70EA /* Main.storyboard */,
				C7C7E9DD1FB7DB2200EFDAF8 /* FeedViewController.swift */,
				C7CC82351FB6EEBC003D70EA /* Assets.xcassets */,
				C7CC82371FB6EEBC003D70EA /* LaunchScreen.storyboard */,
				C7CC823A1FB6EEBC003D70EA /* Info.plist */,
				C7CC82321FB6EEBC003D70EA /* gIFT.xcdatamodeld */,
			);
			path = gIFT;
			sourceTree = "<group>";
		};
		C7CC82421FB6EEBC003D70EA /* gIFTTests */ = {
			isa = PBXGroup;
			children = (
				C7CC82431FB6EEBC003D70EA /* gIFTTests.swift */,
				C7CC82451FB6EEBC003D70EA /* Info.plist */,
			);
			path = gIFTTests;
			sourceTree = "<group>";
		};
		C7CC824D1FB6EEBC003D70EA /* gIFTUITests */ = {
			isa = PBXGroup;
			children = (
				C7CC824E1FB6EEBC003D70EA /* gIFTUITests.swift */,
				C7CC82501FB6EEBC003D70EA /* Info.plist */,
			);
			path = gIFTUITests;
			sourceTree = "<group>";
		};
/* End PBXGroup section */

/* Begin PBXNativeTarget section */
		C7CC82271FB6EEBC003D70EA /* gIFT */ = {
			isa = PBXNativeTarget;
			buildConfigurationList = C7CC82531FB6EEBC003D70EA /* Build configuration list for PBXNativeTarget "gIFT" */;
			buildPhases = (
				62DADECE51857263417BD3A8 /* [CP] Check Pods Manifest.lock */,
				C7CC82241FB6EEBC003D70EA /* Sources */,
				C7CC82251FB6EEBC003D70EA /* Frameworks */,
				C7CC82261FB6EEBC003D70EA /* Resources */,
				F97F80EE586A1E0B62A82521 /* [CP] Embed Pods Frameworks */,
				9E96BC060B5DDCB1A1CAE25B /* [CP] Copy Pods Resources */,
			);
			buildRules = (
			);
			dependencies = (
			);
			name = gIFT;
			productName = gIFT;
			productReference = C7CC82281FB6EEBC003D70EA /* gIFT.app */;
			productType = "com.apple.product-type.application";
		};
		C7CC823E1FB6EEBC003D70EA /* gIFTTests */ = {
			isa = PBXNativeTarget;
			buildConfigurationList = C7CC82561FB6EEBC003D70EA /* Build configuration list for PBXNativeTarget "gIFTTests" */;
			buildPhases = (
				EEC6062674B58E8E29633F82 /* [CP] Check Pods Manifest.lock */,
				C7CC823B1FB6EEBC003D70EA /* Sources */,
				C7CC823C1FB6EEBC003D70EA /* Frameworks */,
				C7CC823D1FB6EEBC003D70EA /* Resources */,
				8975CAC255D6E9204E044F26 /* [CP] Embed Pods Frameworks */,
				6C69B36CA5B5EB192CDD00FF /* [CP] Copy Pods Resources */,
			);
			buildRules = (
			);
			dependencies = (
				C7CC82411FB6EEBC003D70EA /* PBXTargetDependency */,
			);
			name = gIFTTests;
			productName = gIFTTests;
			productReference = C7CC823F1FB6EEBC003D70EA /* gIFTTests.xctest */;
			productType = "com.apple.product-type.bundle.unit-test";
		};
		C7CC82491FB6EEBC003D70EA /* gIFTUITests */ = {
			isa = PBXNativeTarget;
			buildConfigurationList = C7CC82591FB6EEBC003D70EA /* Build configuration list for PBXNativeTarget "gIFTUITests" */;
			buildPhases = (
				4D2D1B431E91C0DF3ACE6D6A /* [CP] Check Pods Manifest.lock */,
				C7CC82461FB6EEBC003D70EA /* Sources */,
				C7CC82471FB6EEBC003D70EA /* Frameworks */,
				C7CC82481FB6EEBC003D70EA /* Resources */,
				4ABF3C883A5EFEBF77A2500F /* [CP] Embed Pods Frameworks */,
				9F523D1DFE0D4406E2B07212 /* [CP] Copy Pods Resources */,
			);
			buildRules = (
			);
			dependencies = (
				C7CC824C1FB6EEBC003D70EA /* PBXTargetDependency */,
			);
			name = gIFTUITests;
			productName = gIFTUITests;
			productReference = C7CC824A1FB6EEBC003D70EA /* gIFTUITests.xctest */;
			productType = "com.apple.product-type.bundle.ui-testing";
		};
/* End PBXNativeTarget section */

/* Begin PBXProject section */
		C7CC82201FB6EEBC003D70EA /* Project object */ = {
			isa = PBXProject;
			attributes = {
				LastSwiftUpdateCheck = 0910;
				LastUpgradeCheck = 0910;
				ORGANIZATIONNAME = gIFT;
				TargetAttributes = {
					C7CC82271FB6EEBC003D70EA = {
						CreatedOnToolsVersion = 9.1;
						ProvisioningStyle = Automatic;
					};
					C7CC823E1FB6EEBC003D70EA = {
						CreatedOnToolsVersion = 9.1;
						ProvisioningStyle = Automatic;
						TestTargetID = C7CC82271FB6EEBC003D70EA;
					};
					C7CC82491FB6EEBC003D70EA = {
						CreatedOnToolsVersion = 9.1;
						ProvisioningStyle = Automatic;
						TestTargetID = C7CC82271FB6EEBC003D70EA;
					};
				};
			};
			buildConfigurationList = C7CC82231FB6EEBC003D70EA /* Build configuration list for PBXProject "gIFT" */;
			compatibilityVersion = "Xcode 8.0";
			developmentRegion = en;
			hasScannedForEncodings = 0;
			knownRegions = (
				en,
				Base,
			);
			mainGroup = C7CC821F1FB6EEBC003D70EA;
			productRefGroup = C7CC82291FB6EEBC003D70EA /* Products */;
			projectDirPath = "";
			projectRoot = "";
			targets = (
				C7CC82271FB6EEBC003D70EA /* gIFT */,
				C7CC823E1FB6EEBC003D70EA /* gIFTTests */,
				C7CC82491FB6EEBC003D70EA /* gIFTUITests */,
			);
		};
/* End PBXProject section */

/* Begin PBXResourcesBuildPhase section */
		C7CC82261FB6EEBC003D70EA /* Resources */ = {
			isa = PBXResourcesBuildPhase;
			buildActionMask = 2147483647;
			files = (
				C7CC82391FB6EEBC003D70EA /* LaunchScreen.storyboard in Resources */,
				C7CC82361FB6EEBC003D70EA /* Assets.xcassets in Resources */,
				C7CC82311FB6EEBC003D70EA /* Main.storyboard in Resources */,
			);
			runOnlyForDeploymentPostprocessing = 0;
		};
		C7CC823D1FB6EEBC003D70EA /* Resources */ = {
			isa = PBXResourcesBuildPhase;
			buildActionMask = 2147483647;
			files = (
			);
			runOnlyForDeploymentPostprocessing = 0;
		};
		C7CC82481FB6EEBC003D70EA /* Resources */ = {
			isa = PBXResourcesBuildPhase;
			buildActionMask = 2147483647;
			files = (
			);
			runOnlyForDeploymentPostprocessing = 0;
		};
/* End PBXResourcesBuildPhase section */

/* Begin PBXShellScriptBuildPhase section */
		4ABF3C883A5EFEBF77A2500F /* [CP] Embed Pods Frameworks */ = {
			isa = PBXShellScriptBuildPhase;
			buildActionMask = 2147483647;
			files = (
			);
			inputPaths = (
			);
			name = "[CP] Embed Pods Frameworks";
			outputPaths = (
			);
			runOnlyForDeploymentPostprocessing = 0;
			shellPath = /bin/sh;
			shellScript = "\"${SRCROOT}/Pods/Target Support Files/Pods-gIFTUITests/Pods-gIFTUITests-frameworks.sh\"\n";
			showEnvVarsInLog = 0;
		};
		4D2D1B431E91C0DF3ACE6D6A /* [CP] Check Pods Manifest.lock */ = {
			isa = PBXShellScriptBuildPhase;
			buildActionMask = 2147483647;
			files = (
			);
			inputPaths = (
				"${PODS_PODFILE_DIR_PATH}/Podfile.lock",
				"${PODS_ROOT}/Manifest.lock",
			);
			name = "[CP] Check Pods Manifest.lock";
			outputPaths = (
				"$(DERIVED_FILE_DIR)/Pods-gIFTUITests-checkManifestLockResult.txt",
			);
			runOnlyForDeploymentPostprocessing = 0;
			shellPath = /bin/sh;
			shellScript = "diff \"${PODS_PODFILE_DIR_PATH}/Podfile.lock\" \"${PODS_ROOT}/Manifest.lock\" > /dev/null\nif [ $? != 0 ] ; then\n    # print error to STDERR\n    echo \"error: The sandbox is not in sync with the Podfile.lock. Run 'pod install' or update your CocoaPods installation.\" >&2\n    exit 1\nfi\n# This output is used by Xcode 'outputs' to avoid re-running this script phase.\necho \"SUCCESS\" > \"${SCRIPT_OUTPUT_FILE_0}\"\n";
			showEnvVarsInLog = 0;
		};
		62DADECE51857263417BD3A8 /* [CP] Check Pods Manifest.lock */ = {
			isa = PBXShellScriptBuildPhase;
			buildActionMask = 2147483647;
			files = (
			);
			inputPaths = (
				"${PODS_PODFILE_DIR_PATH}/Podfile.lock",
				"${PODS_ROOT}/Manifest.lock",
			);
			name = "[CP] Check Pods Manifest.lock";
			outputPaths = (
				"$(DERIVED_FILE_DIR)/Pods-gIFT-checkManifestLockResult.txt",
			);
			runOnlyForDeploymentPostprocessing = 0;
			shellPath = /bin/sh;
			shellScript = "diff \"${PODS_PODFILE_DIR_PATH}/Podfile.lock\" \"${PODS_ROOT}/Manifest.lock\" > /dev/null\nif [ $? != 0 ] ; then\n    # print error to STDERR\n    echo \"error: The sandbox is not in sync with the Podfile.lock. Run 'pod install' or update your CocoaPods installation.\" >&2\n    exit 1\nfi\n# This output is used by Xcode 'outputs' to avoid re-running this script phase.\necho \"SUCCESS\" > \"${SCRIPT_OUTPUT_FILE_0}\"\n";
			showEnvVarsInLog = 0;
		};
		6C69B36CA5B5EB192CDD00FF /* [CP] Copy Pods Resources */ = {
			isa = PBXShellScriptBuildPhase;
			buildActionMask = 2147483647;
			files = (
			);
			inputPaths = (
			);
			name = "[CP] Copy Pods Resources";
			outputPaths = (
			);
			runOnlyForDeploymentPostprocessing = 0;
			shellPath = /bin/sh;
			shellScript = "\"${SRCROOT}/Pods/Target Support Files/Pods-gIFTTests/Pods-gIFTTests-resources.sh\"\n";
			showEnvVarsInLog = 0;
		};
		8975CAC255D6E9204E044F26 /* [CP] Embed Pods Frameworks */ = {
			isa = PBXShellScriptBuildPhase;
			buildActionMask = 2147483647;
			files = (
			);
			inputPaths = (
			);
			name = "[CP] Embed Pods Frameworks";
			outputPaths = (
			);
			runOnlyForDeploymentPostprocessing = 0;
			shellPath = /bin/sh;
			shellScript = "\"${SRCROOT}/Pods/Target Support Files/Pods-gIFTTests/Pods-gIFTTests-frameworks.sh\"\n";
			showEnvVarsInLog = 0;
		};
		9E96BC060B5DDCB1A1CAE25B /* [CP] Copy Pods Resources */ = {
			isa = PBXShellScriptBuildPhase;
			buildActionMask = 2147483647;
			files = (
			);
			inputPaths = (
			);
			name = "[CP] Copy Pods Resources";
			outputPaths = (
			);
			runOnlyForDeploymentPostprocessing = 0;
			shellPath = /bin/sh;
			shellScript = "\"${SRCROOT}/Pods/Target Support Files/Pods-gIFT/Pods-gIFT-resources.sh\"\n";
			showEnvVarsInLog = 0;
		};
		9F523D1DFE0D4406E2B07212 /* [CP] Copy Pods Resources */ = {
			isa = PBXShellScriptBuildPhase;
			buildActionMask = 2147483647;
			files = (
			);
			inputPaths = (
			);
			name = "[CP] Copy Pods Resources";
			outputPaths = (
			);
			runOnlyForDeploymentPostprocessing = 0;
			shellPath = /bin/sh;
			shellScript = "\"${SRCROOT}/Pods/Target Support Files/Pods-gIFTUITests/Pods-gIFTUITests-resources.sh\"\n";
			showEnvVarsInLog = 0;
		};
		EEC6062674B58E8E29633F82 /* [CP] Check Pods Manifest.lock */ = {
			isa = PBXShellScriptBuildPhase;
			buildActionMask = 2147483647;
			files = (
			);
			inputPaths = (
				"${PODS_PODFILE_DIR_PATH}/Podfile.lock",
				"${PODS_ROOT}/Manifest.lock",
			);
			name = "[CP] Check Pods Manifest.lock";
			outputPaths = (
				"$(DERIVED_FILE_DIR)/Pods-gIFTTests-checkManifestLockResult.txt",
			);
			runOnlyForDeploymentPostprocessing = 0;
			shellPath = /bin/sh;
			shellScript = "diff \"${PODS_PODFILE_DIR_PATH}/Podfile.lock\" \"${PODS_ROOT}/Manifest.lock\" > /dev/null\nif [ $? != 0 ] ; then\n    # print error to STDERR\n    echo \"error: The sandbox is not in sync with the Podfile.lock. Run 'pod install' or update your CocoaPods installation.\" >&2\n    exit 1\nfi\n# This output is used by Xcode 'outputs' to avoid re-running this script phase.\necho \"SUCCESS\" > \"${SCRIPT_OUTPUT_FILE_0}\"\n";
			showEnvVarsInLog = 0;
		};
		F97F80EE586A1E0B62A82521 /* [CP] Embed Pods Frameworks */ = {
			isa = PBXShellScriptBuildPhase;
			buildActionMask = 2147483647;
			files = (
			);
			inputPaths = (
				"${SRCROOT}/Pods/Target Support Files/Pods-gIFT/Pods-gIFT-frameworks.sh",
				"${BUILT_PRODUCTS_DIR}/Bolts/Bolts.framework",
				"${BUILT_PRODUCTS_DIR}/FBSDKCoreKit/FBSDKCoreKit.framework",
				"${BUILT_PRODUCTS_DIR}/FBSDKLoginKit/FBSDKLoginKit.framework",
				"${BUILT_PRODUCTS_DIR}/FacebookAuth/FacebookAuth.framework",
				"${BUILT_PRODUCTS_DIR}/FacebookCore/FacebookCore.framework",
				"${BUILT_PRODUCTS_DIR}/FacebookLogin/FacebookLogin.framework",
				"${BUILT_PRODUCTS_DIR}/Stripe/Stripe.framework",
			);
			name = "[CP] Embed Pods Frameworks";
			outputPaths = (
				"${TARGET_BUILD_DIR}/${FRAMEWORKS_FOLDER_PATH}/Bolts.framework",
				"${TARGET_BUILD_DIR}/${FRAMEWORKS_FOLDER_PATH}/FBSDKCoreKit.framework",
				"${TARGET_BUILD_DIR}/${FRAMEWORKS_FOLDER_PATH}/FBSDKLoginKit.framework",
				"${TARGET_BUILD_DIR}/${FRAMEWORKS_FOLDER_PATH}/FacebookAuth.framework",
				"${TARGET_BUILD_DIR}/${FRAMEWORKS_FOLDER_PATH}/FacebookCore.framework",
				"${TARGET_BUILD_DIR}/${FRAMEWORKS_FOLDER_PATH}/FacebookLogin.framework",
				"${TARGET_BUILD_DIR}/${FRAMEWORKS_FOLDER_PATH}/Stripe.framework",
			);
			runOnlyForDeploymentPostprocessing = 0;
			shellPath = /bin/sh;
			shellScript = "\"${SRCROOT}/Pods/Target Support Files/Pods-gIFT/Pods-gIFT-frameworks.sh\"\n";
			showEnvVarsInLog = 0;
		};
/* End PBXShellScriptBuildPhase section */

/* Begin PBXSourcesBuildPhase section */
		C7CC82241FB6EEBC003D70EA /* Sources */ = {
			isa = PBXSourcesBuildPhase;
			buildActionMask = 2147483647;
			files = (
				C7CC822E1FB6EEBC003D70EA /* FBLoginViewController.swift in Sources */,
				C7CC822C1FB6EEBC003D70EA /* AppDelegate.swift in Sources */,
				C7C7E9DE1FB7DB2200EFDAF8 /* FeedViewController.swift in Sources */,
				C7CC82341FB6EEBC003D70EA /* gIFT.xcdatamodeld in Sources */,
			);
			runOnlyForDeploymentPostprocessing = 0;
		};
		C7CC823B1FB6EEBC003D70EA /* Sources */ = {
			isa = PBXSourcesBuildPhase;
			buildActionMask = 2147483647;
			files = (
				C7CC82441FB6EEBC003D70EA /* gIFTTests.swift in Sources */,
			);
			runOnlyForDeploymentPostprocessing = 0;
		};
		C7CC82461FB6EEBC003D70EA /* Sources */ = {
			isa = PBXSourcesBuildPhase;
			buildActionMask = 2147483647;
			files = (
				C7CC824F1FB6EEBC003D70EA /* gIFTUITests.swift in Sources */,
			);
			runOnlyForDeploymentPostprocessing = 0;
		};
/* End PBXSourcesBuildPhase section */

/* Begin PBXTargetDependency section */
		C7CC82411FB6EEBC003D70EA /* PBXTargetDependency */ = {
			isa = PBXTargetDependency;
			target = C7CC82271FB6EEBC003D70EA /* gIFT */;
			targetProxy = C7CC82401FB6EEBC003D70EA /* PBXContainerItemProxy */;
		};
		C7CC824C1FB6EEBC003D70EA /* PBXTargetDependency */ = {
			isa = PBXTargetDependency;
			target = C7CC82271FB6EEBC003D70EA /* gIFT */;
			targetProxy = C7CC824B1FB6EEBC003D70EA /* PBXContainerItemProxy */;
		};
/* End PBXTargetDependency section */

/* Begin PBXVariantGroup section */
		C7CC822F1FB6EEBC003D70EA /* Main.storyboard */ = {
			isa = PBXVariantGroup;
			children = (
				C7CC82301FB6EEBC003D70EA /* Base */,
			);
			name = Main.storyboard;
			sourceTree = "<group>";
		};
		C7CC82371FB6EEBC003D70EA /* LaunchScreen.storyboard */ = {
			isa = PBXVariantGroup;
			children = (
				C7CC82381FB6EEBC003D70EA /* Base */,
			);
			name = LaunchScreen.storyboard;
			sourceTree = "<group>";
		};
/* End PBXVariantGroup section */

/* Begin XCBuildConfiguration section */
		C7CC82511FB6EEBC003D70EA /* Debug */ = {
			isa = XCBuildConfiguration;
			buildSettings = {
				ALWAYS_SEARCH_USER_PATHS = NO;
				CLANG_ANALYZER_NONNULL = YES;
				CLANG_ANALYZER_NUMBER_OBJECT_CONVERSION = YES_AGGRESSIVE;
				CLANG_CXX_LANGUAGE_STANDARD = "gnu++14";
				CLANG_CXX_LIBRARY = "libc++";
				CLANG_ENABLE_MODULES = YES;
				CLANG_ENABLE_OBJC_ARC = YES;
				CLANG_WARN_BLOCK_CAPTURE_AUTORELEASING = YES;
				CLANG_WARN_BOOL_CONVERSION = YES;
				CLANG_WARN_COMMA = YES;
				CLANG_WARN_CONSTANT_CONVERSION = YES;
				CLANG_WARN_DIRECT_OBJC_ISA_USAGE = YES_ERROR;
				CLANG_WARN_DOCUMENTATION_COMMENTS = YES;
				CLANG_WARN_EMPTY_BODY = YES;
				CLANG_WARN_ENUM_CONVERSION = YES;
				CLANG_WARN_INFINITE_RECURSION = YES;
				CLANG_WARN_INT_CONVERSION = YES;
				CLANG_WARN_NON_LITERAL_NULL_CONVERSION = YES;
				CLANG_WARN_OBJC_LITERAL_CONVERSION = YES;
				CLANG_WARN_OBJC_ROOT_CLASS = YES_ERROR;
				CLANG_WARN_RANGE_LOOP_ANALYSIS = YES;
				CLANG_WARN_STRICT_PROTOTYPES = YES;
				CLANG_WARN_SUSPICIOUS_MOVE = YES;
				CLANG_WARN_UNGUARDED_AVAILABILITY = YES_AGGRESSIVE;
				CLANG_WARN_UNREACHABLE_CODE = YES;
				CLANG_WARN__DUPLICATE_METHOD_MATCH = YES;
				CODE_SIGN_IDENTITY = "iPhone Developer";
				COPY_PHASE_STRIP = NO;
				DEBUG_INFORMATION_FORMAT = dwarf;
				ENABLE_STRICT_OBJC_MSGSEND = YES;
				ENABLE_TESTABILITY = YES;
				GCC_C_LANGUAGE_STANDARD = gnu11;
				GCC_DYNAMIC_NO_PIC = NO;
				GCC_NO_COMMON_BLOCKS = YES;
				GCC_OPTIMIZATION_LEVEL = 0;
				GCC_PREPROCESSOR_DEFINITIONS = (
					"DEBUG=1",
					"$(inherited)",
				);
				GCC_WARN_64_TO_32_BIT_CONVERSION = YES;
				GCC_WARN_ABOUT_RETURN_TYPE = YES_ERROR;
				GCC_WARN_UNDECLARED_SELECTOR = YES;
				GCC_WARN_UNINITIALIZED_AUTOS = YES_AGGRESSIVE;
				GCC_WARN_UNUSED_FUNCTION = YES;
				GCC_WARN_UNUSED_VARIABLE = YES;
				IPHONEOS_DEPLOYMENT_TARGET = 11.1;
				MTL_ENABLE_DEBUG_INFO = YES;
				ONLY_ACTIVE_ARCH = YES;
				SDKROOT = iphoneos;
				SWIFT_ACTIVE_COMPILATION_CONDITIONS = DEBUG;
				SWIFT_OPTIMIZATION_LEVEL = "-Onone";
			};
			name = Debug;
		};
		C7CC82521FB6EEBC003D70EA /* Release */ = {
			isa = XCBuildConfiguration;
			buildSettings = {
				ALWAYS_SEARCH_USER_PATHS = NO;
				CLANG_ANALYZER_NONNULL = YES;
				CLANG_ANALYZER_NUMBER_OBJECT_CONVERSION = YES_AGGRESSIVE;
				CLANG_CXX_LANGUAGE_STANDARD = "gnu++14";
				CLANG_CXX_LIBRARY = "libc++";
				CLANG_ENABLE_MODULES = YES;
				CLANG_ENABLE_OBJC_ARC = YES;
				CLANG_WARN_BLOCK_CAPTURE_AUTORELEASING = YES;
				CLANG_WARN_BOOL_CONVERSION = YES;
				CLANG_WARN_COMMA = YES;
				CLANG_WARN_CONSTANT_CONVERSION = YES;
				CLANG_WARN_DIRECT_OBJC_ISA_USAGE = YES_ERROR;
				CLANG_WARN_DOCUMENTATION_COMMENTS = YES;
				CLANG_WARN_EMPTY_BODY = YES;
				CLANG_WARN_ENUM_CONVERSION = YES;
				CLANG_WARN_INFINITE_RECURSION = YES;
				CLANG_WARN_INT_CONVERSION = YES;
				CLANG_WARN_NON_LITERAL_NULL_CONVERSION = YES;
				CLANG_WARN_OBJC_LITERAL_CONVERSION = YES;
				CLANG_WARN_OBJC_ROOT_CLASS = YES_ERROR;
				CLANG_WARN_RANGE_LOOP_ANALYSIS = YES;
				CLANG_WARN_STRICT_PROTOTYPES = YES;
				CLANG_WARN_SUSPICIOUS_MOVE = YES;
				CLANG_WARN_UNGUARDED_AVAILABILITY = YES_AGGRESSIVE;
				CLANG_WARN_UNREACHABLE_CODE = YES;
				CLANG_WARN__DUPLICATE_METHOD_MATCH = YES;
				CODE_SIGN_IDENTITY = "iPhone Developer";
				COPY_PHASE_STRIP = NO;
				DEBUG_INFORMATION_FORMAT = "dwarf-with-dsym";
				ENABLE_NS_ASSERTIONS = NO;
				ENABLE_STRICT_OBJC_MSGSEND = YES;
				GCC_C_LANGUAGE_STANDARD = gnu11;
				GCC_NO_COMMON_BLOCKS = YES;
				GCC_WARN_64_TO_32_BIT_CONVERSION = YES;
				GCC_WARN_ABOUT_RETURN_TYPE = YES_ERROR;
				GCC_WARN_UNDECLARED_SELECTOR = YES;
				GCC_WARN_UNINITIALIZED_AUTOS = YES_AGGRESSIVE;
				GCC_WARN_UNUSED_FUNCTION = YES;
				GCC_WARN_UNUSED_VARIABLE = YES;
				IPHONEOS_DEPLOYMENT_TARGET = 11.1;
				MTL_ENABLE_DEBUG_INFO = NO;
				SDKROOT = iphoneos;
				SWIFT_OPTIMIZATION_LEVEL = "-Owholemodule";
				VALIDATE_PRODUCT = YES;
			};
			name = Release;
		};
		C7CC82541FB6EEBC003D70EA /* Debug */ = {
			isa = XCBuildConfiguration;
			baseConfigurationReference = 73B7CDB2CF948D1EFB75CE38 /* Pods-gIFT.debug.xcconfig */;
			buildSettings = {
				ASSETCATALOG_COMPILER_APPICON_NAME = AppIcon;
				CODE_SIGN_STYLE = Automatic;
				FRAMEWORK_SEARCH_PATHS = (
					"$(inherited)",
					"$(PROJECT_DIR)",
				);
				INFOPLIST_FILE = gIFT/Info.plist;
				LD_RUNPATH_SEARCH_PATHS = "$(inherited) @executable_path/Frameworks";
				PRODUCT_BUNDLE_IDENTIFIER = gIFT.gIFT;
				PRODUCT_NAME = "$(TARGET_NAME)";
				SWIFT_OBJC_BRIDGING_HEADER = "/Users/ericlin/Documents/HackPrinceton2017/gIFT/gIFT/gIFT-Bridging-Header.h";
				SWIFT_VERSION = 4.0;
				TARGETED_DEVICE_FAMILY = "1,2";
			};
			name = Debug;
		};
		C7CC82551FB6EEBC003D70EA /* Release */ = {
			isa = XCBuildConfiguration;
			baseConfigurationReference = E7C7FEB199D1B015441BE871 /* Pods-gIFT.release.xcconfig */;
			buildSettings = {
				ASSETCATALOG_COMPILER_APPICON_NAME = AppIcon;
				CODE_SIGN_STYLE = Automatic;
				FRAMEWORK_SEARCH_PATHS = (
					"$(inherited)",
					"$(PROJECT_DIR)",
				);
				INFOPLIST_FILE = gIFT/Info.plist;
				LD_RUNPATH_SEARCH_PATHS = "$(inherited) @executable_path/Frameworks";
				PRODUCT_BUNDLE_IDENTIFIER = gIFT.gIFT;
				PRODUCT_NAME = "$(TARGET_NAME)";
				SWIFT_OBJC_BRIDGING_HEADER = "/Users/ericlin/Documents/HackPrinceton2017/gIFT/gIFT/gIFT-Bridging-Header.h";
				SWIFT_VERSION = 4.0;
				TARGETED_DEVICE_FAMILY = "1,2";
			};
			name = Release;
		};
		C7CC82571FB6EEBC003D70EA /* Debug */ = {
			isa = XCBuildConfiguration;
			baseConfigurationReference = DFEF60D5B66B8B6D2369D4D9 /* Pods-gIFTTests.debug.xcconfig */;
			buildSettings = {
				ALWAYS_EMBED_SWIFT_STANDARD_LIBRARIES = YES;
				BUNDLE_LOADER = "$(TEST_HOST)";
				CODE_SIGN_STYLE = Automatic;
				INFOPLIST_FILE = gIFTTests/Info.plist;
				LD_RUNPATH_SEARCH_PATHS = "$(inherited) @executable_path/Frameworks @loader_path/Frameworks";
				PRODUCT_BUNDLE_IDENTIFIER = gIFT.gIFTTests;
				PRODUCT_NAME = "$(TARGET_NAME)";
				SWIFT_VERSION = 4.0;
				TARGETED_DEVICE_FAMILY = "1,2";
				TEST_HOST = "$(BUILT_PRODUCTS_DIR)/gIFT.app/gIFT";
			};
			name = Debug;
		};
		C7CC82581FB6EEBC003D70EA /* Release */ = {
			isa = XCBuildConfiguration;
			baseConfigurationReference = 0B28108EC65E722A25975523 /* Pods-gIFTTests.release.xcconfig */;
			buildSettings = {
				ALWAYS_EMBED_SWIFT_STANDARD_LIBRARIES = YES;
				BUNDLE_LOADER = "$(TEST_HOST)";
				CODE_SIGN_STYLE = Automatic;
				INFOPLIST_FILE = gIFTTests/Info.plist;
				LD_RUNPATH_SEARCH_PATHS = "$(inherited) @executable_path/Frameworks @loader_path/Frameworks";
				PRODUCT_BUNDLE_IDENTIFIER = gIFT.gIFTTests;
				PRODUCT_NAME = "$(TARGET_NAME)";
				SWIFT_VERSION = 4.0;
				TARGETED_DEVICE_FAMILY = "1,2";
				TEST_HOST = "$(BUILT_PRODUCTS_DIR)/gIFT.app/gIFT";
			};
			name = Release;
		};
		C7CC825A1FB6EEBC003D70EA /* Debug */ = {
			isa = XCBuildConfiguration;
			baseConfigurationReference = 30349B53851C3622D3A1B27F /* Pods-gIFTUITests.debug.xcconfig */;
			buildSettings = {
				ALWAYS_EMBED_SWIFT_STANDARD_LIBRARIES = YES;
				CODE_SIGN_STYLE = Automatic;
				INFOPLIST_FILE = gIFTUITests/Info.plist;
				LD_RUNPATH_SEARCH_PATHS = "$(inherited) @executable_path/Frameworks @loader_path/Frameworks";
				PRODUCT_BUNDLE_IDENTIFIER = gIFT.gIFTUITests;
				PRODUCT_NAME = "$(TARGET_NAME)";
				SWIFT_VERSION = 4.0;
				TARGETED_DEVICE_FAMILY = "1,2";
				TEST_TARGET_NAME = gIFT;
			};
			name = Debug;
		};
		C7CC825B1FB6EEBC003D70EA /* Release */ = {
			isa = XCBuildConfiguration;
			baseConfigurationReference = C840EDFEC5041363BF038B43 /* Pods-gIFTUITests.release.xcconfig */;
			buildSettings = {
				ALWAYS_EMBED_SWIFT_STANDARD_LIBRARIES = YES;
				CODE_SIGN_STYLE = Automatic;
				INFOPLIST_FILE = gIFTUITests/Info.plist;
				LD_RUNPATH_SEARCH_PATHS = "$(inherited) @executable_path/Frameworks @loader_path/Frameworks";
				PRODUCT_BUNDLE_IDENTIFIER = gIFT.gIFTUITests;
				PRODUCT_NAME = "$(TARGET_NAME)";
				SWIFT_VERSION = 4.0;
				TARGETED_DEVICE_FAMILY = "1,2";
				TEST_TARGET_NAME = gIFT;
			};
			name = Release;
		};
/* End XCBuildConfiguration section */

/* Begin XCConfigurationList section */
		C7CC82231FB6EEBC003D70EA /* Build configuration list for PBXProject "gIFT" */ = {
			isa = XCConfigurationList;
			buildConfigurations = (
				C7CC82511FB6EEBC003D70EA /* Debug */,
				C7CC82521FB6EEBC003D70EA /* Release */,
			);
			defaultConfigurationIsVisible = 0;
			defaultConfigurationName = Release;
		};
		C7CC82531FB6EEBC003D70EA /* Build configuration list for PBXNativeTarget "gIFT" */ = {
			isa = XCConfigurationList;
			buildConfigurations = (
				C7CC82541FB6EEBC003D70EA /* Debug */,
				C7CC82551FB6EEBC003D70EA /* Release */,
			);
			defaultConfigurationIsVisible = 0;
			defaultConfigurationName = Release;
		};
		C7CC82561FB6EEBC003D70EA /* Build configuration list for PBXNativeTarget "gIFTTests" */ = {
			isa = XCConfigurationList;
			buildConfigurations = (
				C7CC82571FB6EEBC003D70EA /* Debug */,
				C7CC82581FB6EEBC003D70EA /* Release */,
			);
			defaultConfigurationIsVisible = 0;
			defaultConfigurationName = Release;
		};
		C7CC82591FB6EEBC003D70EA /* Build configuration list for PBXNativeTarget "gIFTUITests" */ = {
			isa = XCConfigurationList;
			buildConfigurations = (
				C7CC825A1FB6EEBC003D70EA /* Debug */,
				C7CC825B1FB6EEBC003D70EA /* Release */,
			);
			defaultConfigurationIsVisible = 0;
			defaultConfigurationName = Release;
		};
/* End XCConfigurationList section */

/* Begin XCVersionGroup section */
		C7CC82321FB6EEBC003D70EA /* gIFT.xcdatamodeld */ = {
			isa = XCVersionGroup;
			children = (
				C7CC82331FB6EEBC003D70EA /* gIFT.xcdatamodel */,
			);
			currentVersion = C7CC82331FB6EEBC003D70EA /* gIFT.xcdatamodel */;
			path = gIFT.xcdatamodeld;
			sourceTree = "<group>";
			versionGroupType = wrapper.xcdatamodel;
		};
/* End XCVersionGroup section */
	};
	rootObject = C7CC82201FB6EEBC003D70EA /* Project object */;
}
